{
  "version": 4,
  "terraform_version": "1.0.2",
  "serial": 30,
  "lineage": "687362b9-ec47-8024-9ead-1438dedc773a",
  "outputs": {},
  "resources": [
    {
      "mode": "managed",
      "type": "azurerm_linux_virtual_machine",
      "name": "azcp2VM",
      "provider": "provider[\"registry.terraform.io/hashicorp/azurerm\"]",
      "instances": [
        {
          "index_key": 0,
          "schema_version": 0,
          "attributes": {
            "additional_capabilities": [],
            "admin_password": null,
            "admin_ssh_key": [
              {
                "public_key": "ssh-rsa AAAAB3NzaC1yc2EAAAADAQABAAABAQC5UXO5KfRi5TiLD2K2feNXTf/BMOVRUqklSkH9ZoSepaGVn59S1zIcltFBX8o4ZnQmyW1Bmb208A1YhDK9Q1TqaCOtlMOEAHKB2NTeUhjth/98JdVmU0mW9N4Hv6pIrwdNErkbHi/Wq4QbI+wWbIVyieSH5fbxg3PAkFNAsRwhnXYOVMp00aOXSwgda+VtNp2K6+H2xR6kHAJ5EPtTe40kUyF06WwO06QcZp4QvI2+IzJ6JCSqAoVfTdKSg2oKkGLyhXPdRrA//4WEngVem0xvhrjn1l+lmlHohXnR1PpqubG+eY0Lw8h8fKF7h11wTTi61ra0R1uEGFoyMY8s/4Mf milagros@cc-19c76bb8-df4f9f7fb-tlzbw\n",
                "username": "adminUsername"
              }
            ],
            "admin_username": "adminUsername",
            "allow_extension_operations": true,
            "availability_set_id": "",
            "boot_diagnostics": [
              {
                "storage_account_uri": "https://straccountcp2.blob.core.windows.net/"
              }
            ],
            "computer_name": "azcp2Vm-master",
            "custom_data": null,
            "dedicated_host_id": "",
            "disable_password_authentication": true,
            "encryption_at_host_enabled": false,
            "eviction_policy": "",
            "extensions_time_budget": "PT1H30M",
            "id": "/subscriptions/77658963-68f1-4926-8b7d-64c5e1ebfa2d/resourceGroups/kubernetes_rg/providers/Microsoft.Compute/virtualMachines/azcp2Vm-master",
            "identity": [],
            "location": "westeurope",
            "max_bid_price": -1,
            "name": "azcp2Vm-master",
            "network_interface_ids": [
              "/subscriptions/77658963-68f1-4926-8b7d-64c5e1ebfa2d/resourceGroups/kubernetes_rg/providers/Microsoft.Network/networkInterfaces/nic-master"
            ],
            "os_disk": [
              {
                "caching": "ReadWrite",
                "diff_disk_settings": [],
                "disk_encryption_set_id": "",
                "disk_size_gb": 30,
                "name": "azcp2Vm-master_OsDisk_1_6b2fcdcf0be34ec2b763b5e7ac2cda1c",
                "storage_account_type": "Standard_LRS",
                "write_accelerator_enabled": false
              }
            ],
            "plan": [
              {
                "name": "centos-8-stream-free",
                "product": "centos-8-stream-free",
                "publisher": "cognosys"
              }
            ],
            "priority": "Regular",
            "private_ip_address": "10.0.1.10",
            "private_ip_addresses": [
              "10.0.1.10"
            ],
            "provision_vm_agent": true,
            "proximity_placement_group_id": "",
            "public_ip_address": "51.136.13.10",
            "public_ip_addresses": [
              "51.136.13.10"
            ],
            "resource_group_name": "kubernetes_rg",
            "secret": [],
            "size": "Standard_D1_v2",
            "source_image_id": "",
            "source_image_reference": [
              {
                "offer": "centos-8-stream-free",
                "publisher": "cognosys",
                "sku": "centos-8-stream-free",
                "version": "1.2019.0810"
              }
            ],
            "tags": {
              "environment": "cp2"
            },
            "timeouts": null,
            "virtual_machine_id": "184a522d-9d61-4fb5-8f11-a1ef03889508",
            "virtual_machine_scale_set_id": "",
            "zone": ""
          },
          "sensitive_attributes": [],
          "private": "eyJlMmJmYjczMC1lY2FhLTExZTYtOGY4OC0zNDM2M2JjN2M0YzAiOnsiY3JlYXRlIjoyNzAwMDAwMDAwMDAwLCJkZWxldGUiOjI3MDAwMDAwMDAwMDAsInJlYWQiOjMwMDAwMDAwMDAwMCwidXBkYXRlIjoyNzAwMDAwMDAwMDAwfX0=",
          "dependencies": [
            "azurerm_network_interface.azcp2Nic",
            "azurerm_resource_group.aztrg",
            "azurerm_storage_account.azcp2stacnt"
          ]
        },
        {
          "index_key": 1,
          "schema_version": 0,
          "attributes": {
            "additional_capabilities": [],
            "admin_password": null,
            "admin_ssh_key": [
              {
                "public_key": "ssh-rsa AAAAB3NzaC1yc2EAAAADAQABAAABAQC5UXO5KfRi5TiLD2K2feNXTf/BMOVRUqklSkH9ZoSepaGVn59S1zIcltFBX8o4ZnQmyW1Bmb208A1YhDK9Q1TqaCOtlMOEAHKB2NTeUhjth/98JdVmU0mW9N4Hv6pIrwdNErkbHi/Wq4QbI+wWbIVyieSH5fbxg3PAkFNAsRwhnXYOVMp00aOXSwgda+VtNp2K6+H2xR6kHAJ5EPtTe40kUyF06WwO06QcZp4QvI2+IzJ6JCSqAoVfTdKSg2oKkGLyhXPdRrA//4WEngVem0xvhrjn1l+lmlHohXnR1PpqubG+eY0Lw8h8fKF7h11wTTi61ra0R1uEGFoyMY8s/4Mf milagros@cc-19c76bb8-df4f9f7fb-tlzbw\n",
                "username": "adminUsername"
              }
            ],
            "admin_username": "adminUsername",
            "allow_extension_operations": true,
            "availability_set_id": "",
            "boot_diagnostics": [
              {
                "storage_account_uri": "https://straccountcp2.blob.core.windows.net/"
              }
            ],
            "computer_name": "azcp2Vm-worker01",
            "custom_data": null,
            "dedicated_host_id": "",
            "disable_password_authentication": true,
            "encryption_at_host_enabled": false,
            "eviction_policy": "",
            "extensions_time_budget": "PT1H30M",
            "id": "/subscriptions/77658963-68f1-4926-8b7d-64c5e1ebfa2d/resourceGroups/kubernetes_rg/providers/Microsoft.Compute/virtualMachines/azcp2Vm-worker01",
            "identity": [],
            "location": "westeurope",
            "max_bid_price": -1,
            "name": "azcp2Vm-worker01",
            "network_interface_ids": [
              "/subscriptions/77658963-68f1-4926-8b7d-64c5e1ebfa2d/resourceGroups/kubernetes_rg/providers/Microsoft.Network/networkInterfaces/nic-worker01"
            ],
            "os_disk": [
              {
                "caching": "ReadWrite",
                "diff_disk_settings": [],
                "disk_encryption_set_id": "",
                "disk_size_gb": 30,
                "name": "azcp2Vm-worker01_OsDisk_1_1d4cff50462944f4b666a3786290079e",
                "storage_account_type": "Standard_LRS",
                "write_accelerator_enabled": false
              }
            ],
            "plan": [
              {
                "name": "centos-8-stream-free",
                "product": "centos-8-stream-free",
                "publisher": "cognosys"
              }
            ],
            "priority": "Regular",
            "private_ip_address": "10.0.1.11",
            "private_ip_addresses": [
              "10.0.1.11"
            ],
            "provision_vm_agent": true,
            "proximity_placement_group_id": "",
            "public_ip_address": "51.136.55.146",
            "public_ip_addresses": [
              "51.136.55.146"
            ],
            "resource_group_name": "kubernetes_rg",
            "secret": [],
            "size": "Standard_D1_v2",
            "source_image_id": "",
            "source_image_reference": [
              {
                "offer": "centos-8-stream-free",
                "publisher": "cognosys",
                "sku": "centos-8-stream-free",
                "version": "1.2019.0810"
              }
            ],
            "tags": {
              "environment": "cp2"
            },
            "timeouts": null,
            "virtual_machine_id": "e7bbbb83-4380-4060-a891-1fd048477142",
            "virtual_machine_scale_set_id": "",
            "zone": ""
          },
          "sensitive_attributes": [],
          "private": "eyJlMmJmYjczMC1lY2FhLTExZTYtOGY4OC0zNDM2M2JjN2M0YzAiOnsiY3JlYXRlIjoyNzAwMDAwMDAwMDAwLCJkZWxldGUiOjI3MDAwMDAwMDAwMDAsInJlYWQiOjMwMDAwMDAwMDAwMCwidXBkYXRlIjoyNzAwMDAwMDAwMDAwfX0=",
          "dependencies": [
            "azurerm_network_interface.azcp2Nic",
            "azurerm_resource_group.aztrg",
            "azurerm_storage_account.azcp2stacnt"
          ]
        },
        {
          "index_key": 2,
          "schema_version": 0,
          "attributes": {
            "additional_capabilities": [],
            "admin_password": null,
            "admin_ssh_key": [
              {
                "public_key": "ssh-rsa AAAAB3NzaC1yc2EAAAADAQABAAABAQC5UXO5KfRi5TiLD2K2feNXTf/BMOVRUqklSkH9ZoSepaGVn59S1zIcltFBX8o4ZnQmyW1Bmb208A1YhDK9Q1TqaCOtlMOEAHKB2NTeUhjth/98JdVmU0mW9N4Hv6pIrwdNErkbHi/Wq4QbI+wWbIVyieSH5fbxg3PAkFNAsRwhnXYOVMp00aOXSwgda+VtNp2K6+H2xR6kHAJ5EPtTe40kUyF06WwO06QcZp4QvI2+IzJ6JCSqAoVfTdKSg2oKkGLyhXPdRrA//4WEngVem0xvhrjn1l+lmlHohXnR1PpqubG+eY0Lw8h8fKF7h11wTTi61ra0R1uEGFoyMY8s/4Mf milagros@cc-19c76bb8-df4f9f7fb-tlzbw\n",
                "username": "adminUsername"
              }
            ],
            "admin_username": "adminUsername",
            "allow_extension_operations": true,
            "availability_set_id": "",
            "boot_diagnostics": [
              {
                "storage_account_uri": "https://straccountcp2.blob.core.windows.net/"
              }
            ],
            "computer_name": "azcp2Vm-worker02",
            "custom_data": null,
            "dedicated_host_id": "",
            "disable_password_authentication": true,
            "encryption_at_host_enabled": false,
            "eviction_policy": "",
            "extensions_time_budget": "PT1H30M",
            "id": "/subscriptions/77658963-68f1-4926-8b7d-64c5e1ebfa2d/resourceGroups/kubernetes_rg/providers/Microsoft.Compute/virtualMachines/azcp2Vm-worker02",
            "identity": [],
            "location": "westeurope",
            "max_bid_price": -1,
            "name": "azcp2Vm-worker02",
            "network_interface_ids": [
              "/subscriptions/77658963-68f1-4926-8b7d-64c5e1ebfa2d/resourceGroups/kubernetes_rg/providers/Microsoft.Network/networkInterfaces/nic-worker02"
            ],
            "os_disk": [
              {
                "caching": "ReadWrite",
                "diff_disk_settings": [],
                "disk_encryption_set_id": "",
                "disk_size_gb": 30,
                "name": "azcp2Vm-worker02_OsDisk_1_fe8cf555ab544c959f6a22be017db711",
                "storage_account_type": "Standard_LRS",
                "write_accelerator_enabled": false
              }
            ],
            "plan": [
              {
                "name": "centos-8-stream-free",
                "product": "centos-8-stream-free",
                "publisher": "cognosys"
              }
            ],
            "priority": "Regular",
            "private_ip_address": "10.0.1.12",
            "private_ip_addresses": [
              "10.0.1.12"
            ],
            "provision_vm_agent": true,
            "proximity_placement_group_id": "",
            "public_ip_address": "51.136.13.5",
            "public_ip_addresses": [
              "51.136.13.5"
            ],
            "resource_group_name": "kubernetes_rg",
            "secret": [],
            "size": "Standard_D1_v2",
            "source_image_id": "",
            "source_image_reference": [
              {
                "offer": "centos-8-stream-free",
                "publisher": "cognosys",
                "sku": "centos-8-stream-free",
                "version": "1.2019.0810"
              }
            ],
            "tags": {
              "environment": "cp2"
            },
            "timeouts": null,
            "virtual_machine_id": "97231e51-f02b-4094-9c82-812a4ee4a870",
            "virtual_machine_scale_set_id": "",
            "zone": ""
          },
          "sensitive_attributes": [],
          "private": "eyJlMmJmYjczMC1lY2FhLTExZTYtOGY4OC0zNDM2M2JjN2M0YzAiOnsiY3JlYXRlIjoyNzAwMDAwMDAwMDAwLCJkZWxldGUiOjI3MDAwMDAwMDAwMDAsInJlYWQiOjMwMDAwMDAwMDAwMCwidXBkYXRlIjoyNzAwMDAwMDAwMDAwfX0=",
          "dependencies": [
            "azurerm_network_interface.azcp2Nic",
            "azurerm_resource_group.aztrg",
            "azurerm_storage_account.azcp2stacnt"
          ]
        },
        {
          "index_key": 3,
          "schema_version": 0,
          "attributes": {
            "additional_capabilities": [],
            "admin_password": null,
            "admin_ssh_key": [
              {
                "public_key": "ssh-rsa AAAAB3NzaC1yc2EAAAADAQABAAABAQC5UXO5KfRi5TiLD2K2feNXTf/BMOVRUqklSkH9ZoSepaGVn59S1zIcltFBX8o4ZnQmyW1Bmb208A1YhDK9Q1TqaCOtlMOEAHKB2NTeUhjth/98JdVmU0mW9N4Hv6pIrwdNErkbHi/Wq4QbI+wWbIVyieSH5fbxg3PAkFNAsRwhnXYOVMp00aOXSwgda+VtNp2K6+H2xR6kHAJ5EPtTe40kUyF06WwO06QcZp4QvI2+IzJ6JCSqAoVfTdKSg2oKkGLyhXPdRrA//4WEngVem0xvhrjn1l+lmlHohXnR1PpqubG+eY0Lw8h8fKF7h11wTTi61ra0R1uEGFoyMY8s/4Mf milagros@cc-19c76bb8-df4f9f7fb-tlzbw\n",
                "username": "adminUsername"
              }
            ],
            "admin_username": "adminUsername",
            "allow_extension_operations": true,
            "availability_set_id": "",
            "boot_diagnostics": [
              {
                "storage_account_uri": "https://straccountcp2.blob.core.windows.net/"
              }
            ],
            "computer_name": "azcp2Vm-nfs",
            "custom_data": null,
            "dedicated_host_id": "",
            "disable_password_authentication": true,
            "encryption_at_host_enabled": false,
            "eviction_policy": "",
            "extensions_time_budget": "PT1H30M",
            "id": "/subscriptions/77658963-68f1-4926-8b7d-64c5e1ebfa2d/resourceGroups/kubernetes_rg/providers/Microsoft.Compute/virtualMachines/azcp2Vm-nfs",
            "identity": [],
            "location": "westeurope",
            "max_bid_price": -1,
            "name": "azcp2Vm-nfs",
            "network_interface_ids": [
              "/subscriptions/77658963-68f1-4926-8b7d-64c5e1ebfa2d/resourceGroups/kubernetes_rg/providers/Microsoft.Network/networkInterfaces/nic-nfs"
            ],
            "os_disk": [
              {
                "caching": "ReadWrite",
                "diff_disk_settings": [],
                "disk_encryption_set_id": "",
                "disk_size_gb": 30,
                "name": "azcp2Vm-nfs_OsDisk_1_1ffbef5f74a14b96a363cca64a82fb17",
                "storage_account_type": "Standard_LRS",
                "write_accelerator_enabled": false
              }
            ],
            "plan": [
              {
                "name": "centos-8-stream-free",
                "product": "centos-8-stream-free",
                "publisher": "cognosys"
              }
            ],
            "priority": "Regular",
            "private_ip_address": "10.0.1.13",
            "private_ip_addresses": [
              "10.0.1.13"
            ],
            "provision_vm_agent": true,
            "proximity_placement_group_id": "",
            "public_ip_address": "51.136.55.230",
            "public_ip_addresses": [
              "51.136.55.230"
            ],
            "resource_group_name": "kubernetes_rg",
            "secret": [],
            "size": "Standard_D1_v2",
            "source_image_id": "",
            "source_image_reference": [
              {
                "offer": "centos-8-stream-free",
                "publisher": "cognosys",
                "sku": "centos-8-stream-free",
                "version": "1.2019.0810"
              }
            ],
            "tags": {
              "environment": "cp2"
            },
            "timeouts": null,
            "virtual_machine_id": "4ebc5de4-f342-4121-85d3-7f6836f2a851",
            "virtual_machine_scale_set_id": "",
            "zone": ""
          },
          "sensitive_attributes": [],
          "private": "eyJlMmJmYjczMC1lY2FhLTExZTYtOGY4OC0zNDM2M2JjN2M0YzAiOnsiY3JlYXRlIjoyNzAwMDAwMDAwMDAwLCJkZWxldGUiOjI3MDAwMDAwMDAwMDAsInJlYWQiOjMwMDAwMDAwMDAwMCwidXBkYXRlIjoyNzAwMDAwMDAwMDAwfX0=",
          "dependencies": [
            "azurerm_network_interface.azcp2Nic",
            "azurerm_resource_group.aztrg",
            "azurerm_storage_account.azcp2stacnt"
          ]
        }
      ]
    },
    {
      "mode": "managed",
      "type": "azurerm_network_interface",
      "name": "azcp2Nic",
      "provider": "provider[\"registry.terraform.io/hashicorp/azurerm\"]",
      "instances": [
        {
          "index_key": 0,
          "schema_version": 0,
          "attributes": {
            "applied_dns_servers": [],
            "dns_servers": [],
            "enable_accelerated_networking": false,
            "enable_ip_forwarding": false,
            "id": "/subscriptions/77658963-68f1-4926-8b7d-64c5e1ebfa2d/resourceGroups/kubernetes_rg/providers/Microsoft.Network/networkInterfaces/nic-master",
            "internal_dns_name_label": "",
            "internal_domain_name_suffix": "e04fsd203taunpdxxcoesyvstc.ax.internal.cloudapp.net",
            "ip_configuration": [
              {
                "name": "ipcfg-master",
                "primary": true,
                "private_ip_address": "10.0.1.10",
                "private_ip_address_allocation": "Static",
                "private_ip_address_version": "IPv4",
                "public_ip_address_id": "/subscriptions/77658963-68f1-4926-8b7d-64c5e1ebfa2d/resourceGroups/kubernetes_rg/providers/Microsoft.Network/publicIPAddresses/ipp-master",
                "subnet_id": "/subscriptions/77658963-68f1-4926-8b7d-64c5e1ebfa2d/resourceGroups/kubernetes_rg/providers/Microsoft.Network/virtualNetworks/kubernetesnet/subnets/terraformsubnet"
              }
            ],
            "location": "westeurope",
            "mac_address": "",
            "name": "nic-master",
            "private_ip_address": "10.0.1.10",
            "private_ip_addresses": [
              "10.0.1.10"
            ],
            "resource_group_name": "kubernetes_rg",
            "tags": {
              "environment": "cp2"
            },
            "timeouts": null,
            "virtual_machine_id": ""
          },
          "sensitive_attributes": [],
          "private": "eyJlMmJmYjczMC1lY2FhLTExZTYtOGY4OC0zNDM2M2JjN2M0YzAiOnsiY3JlYXRlIjoxODAwMDAwMDAwMDAwLCJkZWxldGUiOjE4MDAwMDAwMDAwMDAsInJlYWQiOjMwMDAwMDAwMDAwMCwidXBkYXRlIjoxODAwMDAwMDAwMDAwfX0=",
          "dependencies": [
            "azurerm_resource_group.aztrg",
            "azurerm_subnet.azcp2Subnet",
            "azurerm_virtual_network.azcp2Net",
            "azurerm_public_ip.azcp2PublicIp"
          ]
        },
        {
          "index_key": 1,
          "schema_version": 0,
          "attributes": {
            "applied_dns_servers": [],
            "dns_servers": [],
            "enable_accelerated_networking": false,
            "enable_ip_forwarding": false,
            "id": "/subscriptions/77658963-68f1-4926-8b7d-64c5e1ebfa2d/resourceGroups/kubernetes_rg/providers/Microsoft.Network/networkInterfaces/nic-worker01",
            "internal_dns_name_label": "",
            "internal_domain_name_suffix": "e04fsd203taunpdxxcoesyvstc.ax.internal.cloudapp.net",
            "ip_configuration": [
              {
                "name": "ipcfg-worker01",
                "primary": true,
                "private_ip_address": "10.0.1.11",
                "private_ip_address_allocation": "Static",
                "private_ip_address_version": "IPv4",
                "public_ip_address_id": "/subscriptions/77658963-68f1-4926-8b7d-64c5e1ebfa2d/resourceGroups/kubernetes_rg/providers/Microsoft.Network/publicIPAddresses/ipp-worker01",
                "subnet_id": "/subscriptions/77658963-68f1-4926-8b7d-64c5e1ebfa2d/resourceGroups/kubernetes_rg/providers/Microsoft.Network/virtualNetworks/kubernetesnet/subnets/terraformsubnet"
              }
            ],
            "location": "westeurope",
            "mac_address": "",
            "name": "nic-worker01",
            "private_ip_address": "10.0.1.11",
            "private_ip_addresses": [
              "10.0.1.11"
            ],
            "resource_group_name": "kubernetes_rg",
            "tags": {
              "environment": "cp2"
            },
            "timeouts": null,
            "virtual_machine_id": ""
          },
          "sensitive_attributes": [],
          "private": "eyJlMmJmYjczMC1lY2FhLTExZTYtOGY4OC0zNDM2M2JjN2M0YzAiOnsiY3JlYXRlIjoxODAwMDAwMDAwMDAwLCJkZWxldGUiOjE4MDAwMDAwMDAwMDAsInJlYWQiOjMwMDAwMDAwMDAwMCwidXBkYXRlIjoxODAwMDAwMDAwMDAwfX0=",
          "dependencies": [
            "azurerm_public_ip.azcp2PublicIp",
            "azurerm_resource_group.aztrg",
            "azurerm_subnet.azcp2Subnet",
            "azurerm_virtual_network.azcp2Net"
          ]
        },
        {
          "index_key": 2,
          "schema_version": 0,
          "attributes": {
            "applied_dns_servers": [],
            "dns_servers": [],
            "enable_accelerated_networking": false,
            "enable_ip_forwarding": false,
            "id": "/subscriptions/77658963-68f1-4926-8b7d-64c5e1ebfa2d/resourceGroups/kubernetes_rg/providers/Microsoft.Network/networkInterfaces/nic-worker02",
            "internal_dns_name_label": "",
            "internal_domain_name_suffix": "e04fsd203taunpdxxcoesyvstc.ax.internal.cloudapp.net",
            "ip_configuration": [
              {
                "name": "ipcfg-worker02",
                "primary": true,
                "private_ip_address": "10.0.1.12",
                "private_ip_address_allocation": "Static",
                "private_ip_address_version": "IPv4",
                "public_ip_address_id": "/subscriptions/77658963-68f1-4926-8b7d-64c5e1ebfa2d/resourceGroups/kubernetes_rg/providers/Microsoft.Network/publicIPAddresses/ipp-worker02",
                "subnet_id": "/subscriptions/77658963-68f1-4926-8b7d-64c5e1ebfa2d/resourceGroups/kubernetes_rg/providers/Microsoft.Network/virtualNetworks/kubernetesnet/subnets/terraformsubnet"
              }
            ],
            "location": "westeurope",
            "mac_address": "",
            "name": "nic-worker02",
            "private_ip_address": "10.0.1.12",
            "private_ip_addresses": [
              "10.0.1.12"
            ],
            "resource_group_name": "kubernetes_rg",
            "tags": {
              "environment": "cp2"
            },
            "timeouts": null,
            "virtual_machine_id": ""
          },
          "sensitive_attributes": [],
          "private": "eyJlMmJmYjczMC1lY2FhLTExZTYtOGY4OC0zNDM2M2JjN2M0YzAiOnsiY3JlYXRlIjoxODAwMDAwMDAwMDAwLCJkZWxldGUiOjE4MDAwMDAwMDAwMDAsInJlYWQiOjMwMDAwMDAwMDAwMCwidXBkYXRlIjoxODAwMDAwMDAwMDAwfX0=",
          "dependencies": [
            "azurerm_public_ip.azcp2PublicIp",
            "azurerm_resource_group.aztrg",
            "azurerm_subnet.azcp2Subnet",
            "azurerm_virtual_network.azcp2Net"
          ]
        },
        {
          "index_key": 3,
          "schema_version": 0,
          "attributes": {
            "applied_dns_servers": [],
            "dns_servers": [],
            "enable_accelerated_networking": false,
            "enable_ip_forwarding": false,
            "id": "/subscriptions/77658963-68f1-4926-8b7d-64c5e1ebfa2d/resourceGroups/kubernetes_rg/providers/Microsoft.Network/networkInterfaces/nic-nfs",
            "internal_dns_name_label": "",
            "internal_domain_name_suffix": "e04fsd203taunpdxxcoesyvstc.ax.internal.cloudapp.net",
            "ip_configuration": [
              {
                "name": "ipcfg-nfs",
                "primary": true,
                "private_ip_address": "10.0.1.13",
                "private_ip_address_allocation": "Static",
                "private_ip_address_version": "IPv4",
                "public_ip_address_id": "/subscriptions/77658963-68f1-4926-8b7d-64c5e1ebfa2d/resourceGroups/kubernetes_rg/providers/Microsoft.Network/publicIPAddresses/ipp-nfs",
                "subnet_id": "/subscriptions/77658963-68f1-4926-8b7d-64c5e1ebfa2d/resourceGroups/kubernetes_rg/providers/Microsoft.Network/virtualNetworks/kubernetesnet/subnets/terraformsubnet"
              }
            ],
            "location": "westeurope",
            "mac_address": "",
            "name": "nic-nfs",
            "private_ip_address": "10.0.1.13",
            "private_ip_addresses": [
              "10.0.1.13"
            ],
            "resource_group_name": "kubernetes_rg",
            "tags": {
              "environment": "cp2"
            },
            "timeouts": null,
            "virtual_machine_id": ""
          },
          "sensitive_attributes": [],
          "private": "eyJlMmJmYjczMC1lY2FhLTExZTYtOGY4OC0zNDM2M2JjN2M0YzAiOnsiY3JlYXRlIjoxODAwMDAwMDAwMDAwLCJkZWxldGUiOjE4MDAwMDAwMDAwMDAsInJlYWQiOjMwMDAwMDAwMDAwMCwidXBkYXRlIjoxODAwMDAwMDAwMDAwfX0=",
          "dependencies": [
            "azurerm_public_ip.azcp2PublicIp",
            "azurerm_resource_group.aztrg",
            "azurerm_subnet.azcp2Subnet",
            "azurerm_virtual_network.azcp2Net"
          ]
        }
      ]
    },
    {
      "mode": "managed",
      "type": "azurerm_network_interface_security_group_association",
      "name": "azcp2SecGroupAssociation1",
      "provider": "provider[\"registry.terraform.io/hashicorp/azurerm\"]",
      "instances": [
        {
          "index_key": 0,
          "schema_version": 0,
          "attributes": {
            "id": "/subscriptions/77658963-68f1-4926-8b7d-64c5e1ebfa2d/resourceGroups/kubernetes_rg/providers/Microsoft.Network/networkInterfaces/nic-master|/subscriptions/77658963-68f1-4926-8b7d-64c5e1ebfa2d/resourceGroups/kubernetes_rg/providers/Microsoft.Network/networkSecurityGroups/secgrp-master",
            "network_interface_id": "/subscriptions/77658963-68f1-4926-8b7d-64c5e1ebfa2d/resourceGroups/kubernetes_rg/providers/Microsoft.Network/networkInterfaces/nic-master",
            "network_security_group_id": "/subscriptions/77658963-68f1-4926-8b7d-64c5e1ebfa2d/resourceGroups/kubernetes_rg/providers/Microsoft.Network/networkSecurityGroups/secgrp-master",
            "timeouts": null
          },
          "sensitive_attributes": [],
          "private": "eyJlMmJmYjczMC1lY2FhLTExZTYtOGY4OC0zNDM2M2JjN2M0YzAiOnsiY3JlYXRlIjoxODAwMDAwMDAwMDAwLCJkZWxldGUiOjE4MDAwMDAwMDAwMDAsInJlYWQiOjMwMDAwMDAwMDAwMCwidXBkYXRlIjoxODAwMDAwMDAwMDAwfX0=",
          "dependencies": [
            "azurerm_resource_group.aztrg",
            "azurerm_subnet.azcp2Subnet",
            "azurerm_virtual_network.azcp2Net",
            "azurerm_network_interface.azcp2Nic",
            "azurerm_network_security_group.azcp2SecGroup",
            "azurerm_public_ip.azcp2PublicIp"
          ]
        },
        {
          "index_key": 1,
          "schema_version": 0,
          "attributes": {
            "id": "/subscriptions/77658963-68f1-4926-8b7d-64c5e1ebfa2d/resourceGroups/kubernetes_rg/providers/Microsoft.Network/networkInterfaces/nic-worker01|/subscriptions/77658963-68f1-4926-8b7d-64c5e1ebfa2d/resourceGroups/kubernetes_rg/providers/Microsoft.Network/networkSecurityGroups/secgrp-worker01",
            "network_interface_id": "/subscriptions/77658963-68f1-4926-8b7d-64c5e1ebfa2d/resourceGroups/kubernetes_rg/providers/Microsoft.Network/networkInterfaces/nic-worker01",
            "network_security_group_id": "/subscriptions/77658963-68f1-4926-8b7d-64c5e1ebfa2d/resourceGroups/kubernetes_rg/providers/Microsoft.Network/networkSecurityGroups/secgrp-worker01",
            "timeouts": null
          },
          "sensitive_attributes": [],
          "private": "eyJlMmJmYjczMC1lY2FhLTExZTYtOGY4OC0zNDM2M2JjN2M0YzAiOnsiY3JlYXRlIjoxODAwMDAwMDAwMDAwLCJkZWxldGUiOjE4MDAwMDAwMDAwMDAsInJlYWQiOjMwMDAwMDAwMDAwMCwidXBkYXRlIjoxODAwMDAwMDAwMDAwfX0=",
          "dependencies": [
            "azurerm_subnet.azcp2Subnet",
            "azurerm_virtual_network.azcp2Net",
            "azurerm_network_interface.azcp2Nic",
            "azurerm_network_security_group.azcp2SecGroup",
            "azurerm_public_ip.azcp2PublicIp",
            "azurerm_resource_group.aztrg"
          ]
        },
        {
          "index_key": 2,
          "schema_version": 0,
          "attributes": {
            "id": "/subscriptions/77658963-68f1-4926-8b7d-64c5e1ebfa2d/resourceGroups/kubernetes_rg/providers/Microsoft.Network/networkInterfaces/nic-worker02|/subscriptions/77658963-68f1-4926-8b7d-64c5e1ebfa2d/resourceGroups/kubernetes_rg/providers/Microsoft.Network/networkSecurityGroups/secgrp-worker02",
            "network_interface_id": "/subscriptions/77658963-68f1-4926-8b7d-64c5e1ebfa2d/resourceGroups/kubernetes_rg/providers/Microsoft.Network/networkInterfaces/nic-worker02",
            "network_security_group_id": "/subscriptions/77658963-68f1-4926-8b7d-64c5e1ebfa2d/resourceGroups/kubernetes_rg/providers/Microsoft.Network/networkSecurityGroups/secgrp-worker02",
            "timeouts": null
          },
          "sensitive_attributes": [],
          "private": "eyJlMmJmYjczMC1lY2FhLTExZTYtOGY4OC0zNDM2M2JjN2M0YzAiOnsiY3JlYXRlIjoxODAwMDAwMDAwMDAwLCJkZWxldGUiOjE4MDAwMDAwMDAwMDAsInJlYWQiOjMwMDAwMDAwMDAwMCwidXBkYXRlIjoxODAwMDAwMDAwMDAwfX0=",
          "dependencies": [
            "azurerm_virtual_network.azcp2Net",
            "azurerm_network_interface.azcp2Nic",
            "azurerm_network_security_group.azcp2SecGroup",
            "azurerm_public_ip.azcp2PublicIp",
            "azurerm_resource_group.aztrg",
            "azurerm_subnet.azcp2Subnet"
          ]
        },
        {
          "index_key": 3,
          "schema_version": 0,
          "attributes": {
            "id": "/subscriptions/77658963-68f1-4926-8b7d-64c5e1ebfa2d/resourceGroups/kubernetes_rg/providers/Microsoft.Network/networkInterfaces/nic-nfs|/subscriptions/77658963-68f1-4926-8b7d-64c5e1ebfa2d/resourceGroups/kubernetes_rg/providers/Microsoft.Network/networkSecurityGroups/secgrp-nfs",
            "network_interface_id": "/subscriptions/77658963-68f1-4926-8b7d-64c5e1ebfa2d/resourceGroups/kubernetes_rg/providers/Microsoft.Network/networkInterfaces/nic-nfs",
            "network_security_group_id": "/subscriptions/77658963-68f1-4926-8b7d-64c5e1ebfa2d/resourceGroups/kubernetes_rg/providers/Microsoft.Network/networkSecurityGroups/secgrp-nfs",
            "timeouts": null
          },
          "sensitive_attributes": [],
          "private": "eyJlMmJmYjczMC1lY2FhLTExZTYtOGY4OC0zNDM2M2JjN2M0YzAiOnsiY3JlYXRlIjoxODAwMDAwMDAwMDAwLCJkZWxldGUiOjE4MDAwMDAwMDAwMDAsInJlYWQiOjMwMDAwMDAwMDAwMCwidXBkYXRlIjoxODAwMDAwMDAwMDAwfX0=",
          "dependencies": [
            "azurerm_subnet.azcp2Subnet",
            "azurerm_virtual_network.azcp2Net",
            "azurerm_network_interface.azcp2Nic",
            "azurerm_network_security_group.azcp2SecGroup",
            "azurerm_public_ip.azcp2PublicIp",
            "azurerm_resource_group.aztrg"
          ]
        }
      ]
    },
    {
      "mode": "managed",
      "type": "azurerm_network_security_group",
      "name": "azcp2SecGroup",
      "provider": "provider[\"registry.terraform.io/hashicorp/azurerm\"]",
      "instances": [
        {
          "index_key": 0,
          "schema_version": 0,
          "attributes": {
            "id": "/subscriptions/77658963-68f1-4926-8b7d-64c5e1ebfa2d/resourceGroups/kubernetes_rg/providers/Microsoft.Network/networkSecurityGroups/secgrp-master",
            "location": "westeurope",
            "name": "secgrp-master",
            "resource_group_name": "kubernetes_rg",
            "security_rule": [
              {
                "access": "Allow",
                "description": "",
                "destination_address_prefix": "*",
                "destination_address_prefixes": [],
                "destination_application_security_group_ids": [],
                "destination_port_range": "22",
                "destination_port_ranges": [],
                "direction": "Inbound",
                "name": "SSH",
                "priority": 1001,
                "protocol": "Tcp",
                "source_address_prefix": "*",
                "source_address_prefixes": [],
                "source_application_security_group_ids": [],
                "source_port_range": "*",
                "source_port_ranges": []
              }
            ],
            "tags": {
              "environment": "cp2"
            },
            "timeouts": null
          },
          "sensitive_attributes": [],
          "private": "eyJlMmJmYjczMC1lY2FhLTExZTYtOGY4OC0zNDM2M2JjN2M0YzAiOnsiY3JlYXRlIjoxODAwMDAwMDAwMDAwLCJkZWxldGUiOjE4MDAwMDAwMDAwMDAsInJlYWQiOjMwMDAwMDAwMDAwMCwidXBkYXRlIjoxODAwMDAwMDAwMDAwfX0=",
          "dependencies": [
            "azurerm_resource_group.aztrg"
          ]
        },
        {
          "index_key": 1,
          "schema_version": 0,
          "attributes": {
            "id": "/subscriptions/77658963-68f1-4926-8b7d-64c5e1ebfa2d/resourceGroups/kubernetes_rg/providers/Microsoft.Network/networkSecurityGroups/secgrp-worker01",
            "location": "westeurope",
            "name": "secgrp-worker01",
            "resource_group_name": "kubernetes_rg",
            "security_rule": [
              {
                "access": "Allow",
                "description": "",
                "destination_address_prefix": "*",
                "destination_address_prefixes": [],
                "destination_application_security_group_ids": [],
                "destination_port_range": "22",
                "destination_port_ranges": [],
                "direction": "Inbound",
                "name": "SSH",
                "priority": 1001,
                "protocol": "Tcp",
                "source_address_prefix": "*",
                "source_address_prefixes": [],
                "source_application_security_group_ids": [],
                "source_port_range": "*",
                "source_port_ranges": []
              }
            ],
            "tags": {
              "environment": "cp2"
            },
            "timeouts": null
          },
          "sensitive_attributes": [],
          "private": "eyJlMmJmYjczMC1lY2FhLTExZTYtOGY4OC0zNDM2M2JjN2M0YzAiOnsiY3JlYXRlIjoxODAwMDAwMDAwMDAwLCJkZWxldGUiOjE4MDAwMDAwMDAwMDAsInJlYWQiOjMwMDAwMDAwMDAwMCwidXBkYXRlIjoxODAwMDAwMDAwMDAwfX0=",
          "dependencies": [
            "azurerm_resource_group.aztrg"
          ]
        },
        {
          "index_key": 2,
          "schema_version": 0,
          "attributes": {
            "id": "/subscriptions/77658963-68f1-4926-8b7d-64c5e1ebfa2d/resourceGroups/kubernetes_rg/providers/Microsoft.Network/networkSecurityGroups/secgrp-worker02",
            "location": "westeurope",
            "name": "secgrp-worker02",
            "resource_group_name": "kubernetes_rg",
            "security_rule": [
              {
                "access": "Allow",
                "description": "",
                "destination_address_prefix": "*",
                "destination_address_prefixes": [],
                "destination_application_security_group_ids": [],
                "destination_port_range": "22",
                "destination_port_ranges": [],
                "direction": "Inbound",
                "name": "SSH",
                "priority": 1001,
                "protocol": "Tcp",
                "source_address_prefix": "*",
                "source_address_prefixes": [],
                "source_application_security_group_ids": [],
                "source_port_range": "*",
                "source_port_ranges": []
              }
            ],
            "tags": {
              "environment": "cp2"
            },
            "timeouts": null
          },
          "sensitive_attributes": [],
          "private": "eyJlMmJmYjczMC1lY2FhLTExZTYtOGY4OC0zNDM2M2JjN2M0YzAiOnsiY3JlYXRlIjoxODAwMDAwMDAwMDAwLCJkZWxldGUiOjE4MDAwMDAwMDAwMDAsInJlYWQiOjMwMDAwMDAwMDAwMCwidXBkYXRlIjoxODAwMDAwMDAwMDAwfX0=",
          "dependencies": [
            "azurerm_resource_group.aztrg"
          ]
        },
        {
          "index_key": 3,
          "schema_version": 0,
          "attributes": {
            "id": "/subscriptions/77658963-68f1-4926-8b7d-64c5e1ebfa2d/resourceGroups/kubernetes_rg/providers/Microsoft.Network/networkSecurityGroups/secgrp-nfs",
            "location": "westeurope",
            "name": "secgrp-nfs",
            "resource_group_name": "kubernetes_rg",
            "security_rule": [
              {
                "access": "Allow",
                "description": "",
                "destination_address_prefix": "*",
                "destination_address_prefixes": [],
                "destination_application_security_group_ids": [],
                "destination_port_range": "22",
                "destination_port_ranges": [],
                "direction": "Inbound",
                "name": "SSH",
                "priority": 1001,
                "protocol": "Tcp",
                "source_address_prefix": "*",
                "source_address_prefixes": [],
                "source_application_security_group_ids": [],
                "source_port_range": "*",
                "source_port_ranges": []
              }
            ],
            "tags": {
              "environment": "cp2"
            },
            "timeouts": null
          },
          "sensitive_attributes": [],
          "private": "eyJlMmJmYjczMC1lY2FhLTExZTYtOGY4OC0zNDM2M2JjN2M0YzAiOnsiY3JlYXRlIjoxODAwMDAwMDAwMDAwLCJkZWxldGUiOjE4MDAwMDAwMDAwMDAsInJlYWQiOjMwMDAwMDAwMDAwMCwidXBkYXRlIjoxODAwMDAwMDAwMDAwfX0=",
          "dependencies": [
            "azurerm_resource_group.aztrg"
          ]
        }
      ]
    },
    {
      "mode": "managed",
      "type": "azurerm_public_ip",
      "name": "azcp2PublicIp",
      "provider": "provider[\"registry.terraform.io/hashicorp/azurerm\"]",
      "instances": [
        {
          "index_key": 0,
          "schema_version": 0,
          "attributes": {
            "allocation_method": "Dynamic",
            "domain_name_label": null,
            "fqdn": null,
            "id": "/subscriptions/77658963-68f1-4926-8b7d-64c5e1ebfa2d/resourceGroups/kubernetes_rg/providers/Microsoft.Network/publicIPAddresses/ipp-master",
            "idle_timeout_in_minutes": 4,
            "ip_address": "",
            "ip_version": "IPv4",
            "location": "westeurope",
            "name": "ipp-master",
            "public_ip_prefix_id": null,
            "resource_group_name": "kubernetes_rg",
            "reverse_fqdn": null,
            "sku": "Basic",
            "tags": {
              "environment": "cp2"
            },
            "timeouts": null,
            "zones": []
          },
          "sensitive_attributes": [],
          "private": "eyJlMmJmYjczMC1lY2FhLTExZTYtOGY4OC0zNDM2M2JjN2M0YzAiOnsiY3JlYXRlIjoxODAwMDAwMDAwMDAwLCJkZWxldGUiOjE4MDAwMDAwMDAwMDAsInJlYWQiOjMwMDAwMDAwMDAwMCwidXBkYXRlIjoxODAwMDAwMDAwMDAwfX0=",
          "dependencies": [
            "azurerm_resource_group.aztrg"
          ]
        },
        {
          "index_key": 1,
          "schema_version": 0,
          "attributes": {
            "allocation_method": "Dynamic",
            "domain_name_label": null,
            "fqdn": null,
            "id": "/subscriptions/77658963-68f1-4926-8b7d-64c5e1ebfa2d/resourceGroups/kubernetes_rg/providers/Microsoft.Network/publicIPAddresses/ipp-worker01",
            "idle_timeout_in_minutes": 4,
            "ip_address": "",
            "ip_version": "IPv4",
            "location": "westeurope",
            "name": "ipp-worker01",
            "public_ip_prefix_id": null,
            "resource_group_name": "kubernetes_rg",
            "reverse_fqdn": null,
            "sku": "Basic",
            "tags": {
              "environment": "cp2"
            },
            "timeouts": null,
            "zones": []
          },
          "sensitive_attributes": [],
          "private": "eyJlMmJmYjczMC1lY2FhLTExZTYtOGY4OC0zNDM2M2JjN2M0YzAiOnsiY3JlYXRlIjoxODAwMDAwMDAwMDAwLCJkZWxldGUiOjE4MDAwMDAwMDAwMDAsInJlYWQiOjMwMDAwMDAwMDAwMCwidXBkYXRlIjoxODAwMDAwMDAwMDAwfX0=",
          "dependencies": [
            "azurerm_resource_group.aztrg"
          ]
        },
        {
          "index_key": 2,
          "schema_version": 0,
          "attributes": {
            "allocation_method": "Dynamic",
            "domain_name_label": null,
            "fqdn": null,
            "id": "/subscriptions/77658963-68f1-4926-8b7d-64c5e1ebfa2d/resourceGroups/kubernetes_rg/providers/Microsoft.Network/publicIPAddresses/ipp-worker02",
            "idle_timeout_in_minutes": 4,
            "ip_address": "",
            "ip_version": "IPv4",
            "location": "westeurope",
            "name": "ipp-worker02",
            "public_ip_prefix_id": null,
            "resource_group_name": "kubernetes_rg",
            "reverse_fqdn": null,
            "sku": "Basic",
            "tags": {
              "environment": "cp2"
            },
            "timeouts": null,
            "zones": []
          },
          "sensitive_attributes": [],
          "private": "eyJlMmJmYjczMC1lY2FhLTExZTYtOGY4OC0zNDM2M2JjN2M0YzAiOnsiY3JlYXRlIjoxODAwMDAwMDAwMDAwLCJkZWxldGUiOjE4MDAwMDAwMDAwMDAsInJlYWQiOjMwMDAwMDAwMDAwMCwidXBkYXRlIjoxODAwMDAwMDAwMDAwfX0=",
          "dependencies": [
            "azurerm_resource_group.aztrg"
          ]
        },
        {
          "index_key": 3,
          "schema_version": 0,
          "attributes": {
            "allocation_method": "Dynamic",
            "domain_name_label": null,
            "fqdn": null,
            "id": "/subscriptions/77658963-68f1-4926-8b7d-64c5e1ebfa2d/resourceGroups/kubernetes_rg/providers/Microsoft.Network/publicIPAddresses/ipp-nfs",
            "idle_timeout_in_minutes": 4,
            "ip_address": "",
            "ip_version": "IPv4",
            "location": "westeurope",
            "name": "ipp-nfs",
            "public_ip_prefix_id": null,
            "resource_group_name": "kubernetes_rg",
            "reverse_fqdn": null,
            "sku": "Basic",
            "tags": {
              "environment": "cp2"
            },
            "timeouts": null,
            "zones": []
          },
          "sensitive_attributes": [],
          "private": "eyJlMmJmYjczMC1lY2FhLTExZTYtOGY4OC0zNDM2M2JjN2M0YzAiOnsiY3JlYXRlIjoxODAwMDAwMDAwMDAwLCJkZWxldGUiOjE4MDAwMDAwMDAwMDAsInJlYWQiOjMwMDAwMDAwMDAwMCwidXBkYXRlIjoxODAwMDAwMDAwMDAwfX0=",
          "dependencies": [
            "azurerm_resource_group.aztrg"
          ]
        }
      ]
    },
    {
      "mode": "managed",
      "type": "azurerm_resource_group",
      "name": "aztrg",
      "provider": "provider[\"registry.terraform.io/hashicorp/azurerm\"]",
      "instances": [
        {
          "schema_version": 0,
          "attributes": {
            "id": "/subscriptions/77658963-68f1-4926-8b7d-64c5e1ebfa2d/resourceGroups/kubernetes_rg",
            "location": "westeurope",
            "name": "kubernetes_rg",
            "tags": {
              "environment": "cp2"
            },
            "timeouts": null
          },
          "sensitive_attributes": [],
          "private": "eyJlMmJmYjczMC1lY2FhLTExZTYtOGY4OC0zNDM2M2JjN2M0YzAiOnsiY3JlYXRlIjo1NDAwMDAwMDAwMDAwLCJkZWxldGUiOjU0MDAwMDAwMDAwMDAsInJlYWQiOjMwMDAwMDAwMDAwMCwidXBkYXRlIjo1NDAwMDAwMDAwMDAwfX0="
        }
      ]
    },
    {
      "mode": "managed",
      "type": "azurerm_storage_account",
      "name": "azcp2stacnt",
      "provider": "provider[\"registry.terraform.io/hashicorp/azurerm\"]",
      "instances": [
        {
          "schema_version": 2,
          "attributes": {
            "access_tier": "Hot",
            "account_kind": "StorageV2",
            "account_replication_type": "LRS",
            "account_tier": "Standard",
            "allow_blob_public_access": false,
            "blob_properties": [],
            "custom_domain": [],
            "enable_https_traffic_only": true,
            "id": "/subscriptions/77658963-68f1-4926-8b7d-64c5e1ebfa2d/resourceGroups/kubernetes_rg/providers/Microsoft.Storage/storageAccounts/straccountcp2",
            "identity": [],
            "is_hns_enabled": false,
            "large_file_share_enabled": null,
            "location": "westeurope",
            "min_tls_version": "TLS1_0",
            "name": "straccountcp2",
            "network_rules": [
              {
                "bypass": [
                  "AzureServices"
                ],
                "default_action": "Allow",
                "ip_rules": [],
                "virtual_network_subnet_ids": []
              }
            ],
            "primary_access_key": "T0tb62QK+Ay5oU3rweDI66mcUyYtEwCR0YPSGlfwWW8lHhVp4s8hJ3C/FhKgKMq35LyZHT25OMfFECYN3s+SJw==",
            "primary_blob_connection_string": "DefaultEndpointsProtocol=https;BlobEndpoint=https://straccountcp2.blob.core.windows.net/;AccountName=straccountcp2;AccountKey=T0tb62QK+Ay5oU3rweDI66mcUyYtEwCR0YPSGlfwWW8lHhVp4s8hJ3C/FhKgKMq35LyZHT25OMfFECYN3s+SJw==",
            "primary_blob_endpoint": "https://straccountcp2.blob.core.windows.net/",
            "primary_blob_host": "straccountcp2.blob.core.windows.net",
            "primary_connection_string": "DefaultEndpointsProtocol=https;AccountName=straccountcp2;AccountKey=T0tb62QK+Ay5oU3rweDI66mcUyYtEwCR0YPSGlfwWW8lHhVp4s8hJ3C/FhKgKMq35LyZHT25OMfFECYN3s+SJw==;EndpointSuffix=core.windows.net",
            "primary_dfs_endpoint": "https://straccountcp2.dfs.core.windows.net/",
            "primary_dfs_host": "straccountcp2.dfs.core.windows.net",
            "primary_file_endpoint": "https://straccountcp2.file.core.windows.net/",
            "primary_file_host": "straccountcp2.file.core.windows.net",
            "primary_location": "westeurope",
            "primary_queue_endpoint": "https://straccountcp2.queue.core.windows.net/",
            "primary_queue_host": "straccountcp2.queue.core.windows.net",
            "primary_table_endpoint": "https://straccountcp2.table.core.windows.net/",
            "primary_table_host": "straccountcp2.table.core.windows.net",
            "primary_web_endpoint": "https://straccountcp2.z6.web.core.windows.net/",
            "primary_web_host": "straccountcp2.z6.web.core.windows.net",
            "queue_properties": [
              {
                "cors_rule": [],
                "hour_metrics": [
                  {
                    "enabled": true,
                    "include_apis": true,
                    "retention_policy_days": 7,
                    "version": "1.0"
                  }
                ],
                "logging": [
                  {
                    "delete": false,
                    "read": false,
                    "retention_policy_days": 0,
                    "version": "1.0",
                    "write": false
                  }
                ],
                "minute_metrics": [
                  {
                    "enabled": false,
                    "include_apis": false,
                    "retention_policy_days": 0,
                    "version": "1.0"
                  }
                ]
              }
            ],
            "resource_group_name": "kubernetes_rg",
            "secondary_access_key": "+gNQk2x4qfWfZiCpHC4jylTcylMwhoLxrlJv0HOs2dgEoDboYt8a8peNVSwC2bWmRTMbbC/46D8lQ1VRb4S++Q==",
            "secondary_blob_connection_string": "",
            "secondary_blob_endpoint": null,
            "secondary_blob_host": null,
            "secondary_connection_string": "DefaultEndpointsProtocol=https;AccountName=straccountcp2;AccountKey=+gNQk2x4qfWfZiCpHC4jylTcylMwhoLxrlJv0HOs2dgEoDboYt8a8peNVSwC2bWmRTMbbC/46D8lQ1VRb4S++Q==;EndpointSuffix=core.windows.net",
            "secondary_dfs_endpoint": null,
            "secondary_dfs_host": null,
            "secondary_file_endpoint": null,
            "secondary_file_host": null,
            "secondary_location": "",
            "secondary_queue_endpoint": null,
            "secondary_queue_host": null,
            "secondary_table_endpoint": null,
            "secondary_table_host": null,
            "secondary_web_endpoint": null,
            "secondary_web_host": null,
            "static_website": [],
            "tags": {
              "environment": "cp2"
            },
            "timeouts": null
          },
          "sensitive_attributes": [],
          "private": "eyJlMmJmYjczMC1lY2FhLTExZTYtOGY4OC0zNDM2M2JjN2M0YzAiOnsiY3JlYXRlIjozNjAwMDAwMDAwMDAwLCJkZWxldGUiOjM2MDAwMDAwMDAwMDAsInJlYWQiOjMwMDAwMDAwMDAwMCwidXBkYXRlIjozNjAwMDAwMDAwMDAwfSwic2NoZW1hX3ZlcnNpb24iOiIyIn0=",
          "dependencies": [
            "azurerm_resource_group.aztrg"
          ]
        }
      ]
    },
    {
      "mode": "managed",
      "type": "azurerm_subnet",
      "name": "azcp2Subnet",
      "provider": "provider[\"registry.terraform.io/hashicorp/azurerm\"]",
      "instances": [
        {
          "schema_version": 0,
          "attributes": {
            "address_prefix": "10.0.1.0/24",
            "address_prefixes": [
              "10.0.1.0/24"
            ],
            "delegation": [],
            "enforce_private_link_endpoint_network_policies": false,
            "enforce_private_link_service_network_policies": false,
            "id": "/subscriptions/77658963-68f1-4926-8b7d-64c5e1ebfa2d/resourceGroups/kubernetes_rg/providers/Microsoft.Network/virtualNetworks/kubernetesnet/subnets/terraformsubnet",
            "name": "terraformsubnet",
            "resource_group_name": "kubernetes_rg",
            "service_endpoint_policy_ids": [],
            "service_endpoints": [],
            "timeouts": null,
            "virtual_network_name": "kubernetesnet"
          },
          "sensitive_attributes": [],
          "private": "eyJlMmJmYjczMC1lY2FhLTExZTYtOGY4OC0zNDM2M2JjN2M0YzAiOnsiY3JlYXRlIjoxODAwMDAwMDAwMDAwLCJkZWxldGUiOjE4MDAwMDAwMDAwMDAsInJlYWQiOjMwMDAwMDAwMDAwMCwidXBkYXRlIjoxODAwMDAwMDAwMDAwfX0=",
          "dependencies": [
            "azurerm_resource_group.aztrg",
            "azurerm_virtual_network.azcp2Net"
          ]
        }
      ]
    },
    {
      "mode": "managed",
      "type": "azurerm_virtual_network",
      "name": "azcp2Net",
      "provider": "provider[\"registry.terraform.io/hashicorp/azurerm\"]",
      "instances": [
        {
          "schema_version": 0,
          "attributes": {
            "address_space": [
              "10.0.0.0/16"
            ],
            "bgp_community": "",
            "ddos_protection_plan": [],
            "dns_servers": [],
            "guid": "0f59bc26-ec9a-46c1-bc77-b89c4962b29a",
            "id": "/subscriptions/77658963-68f1-4926-8b7d-64c5e1ebfa2d/resourceGroups/kubernetes_rg/providers/Microsoft.Network/virtualNetworks/kubernetesnet",
            "location": "westeurope",
            "name": "kubernetesnet",
            "resource_group_name": "kubernetes_rg",
            "subnet": [
              {
                "address_prefix": "10.0.1.0/24",
                "id": "/subscriptions/77658963-68f1-4926-8b7d-64c5e1ebfa2d/resourceGroups/kubernetes_rg/providers/Microsoft.Network/virtualNetworks/kubernetesnet/subnets/terraformsubnet",
                "name": "terraformsubnet",
                "security_group": ""
              }
            ],
            "tags": {
              "environment": "cp2"
            },
            "timeouts": null,
            "vm_protection_enabled": false
          },
          "sensitive_attributes": [],
          "private": "eyJlMmJmYjczMC1lY2FhLTExZTYtOGY4OC0zNDM2M2JjN2M0YzAiOnsiY3JlYXRlIjoxODAwMDAwMDAwMDAwLCJkZWxldGUiOjE4MDAwMDAwMDAwMDAsInJlYWQiOjMwMDAwMDAwMDAwMCwidXBkYXRlIjoxODAwMDAwMDAwMDAwfX0=",
          "dependencies": [
            "azurerm_resource_group.aztrg"
          ]
        }
      ]
    }
  ]
}
